
Microsoft Visual Studio Solution File, Format Version 12.00
# Visual Studio 15
VisualStudioVersion = 15.0.28307.1000
MinimumVisualStudioVersion = 10.0.40219.1
Project("{FAE04EC0-301F-11D3-BF4B-00C04F79EFBC}") = "Google_Photo_Metadata_Resolver", "Google_Photo_Metadata_Resolver\Google_Photo_Metadata_Resolver.csproj", "{8C0712C0-9E43-46B5-820A-7EDC926E7C3E}"
EndProject
Global
	GlobalSection(SolutionConfigurationPlatforms) = preSolution
		Debug|Any CPU = Debug|Any CPU
		Release|Any CPU = Release|Any CPU
	EndGlobalSection
	GlobalSection(ProjectConfigurationPlatforms) = postSolution
		{8C0712C0-9E43-46B5-820A-7EDC926E7C3E}.Debug|Any CPU.ActiveCfg = Debug|Any CPU
		{8C0712C0-9E43-46B5-820A-7EDC926E7C3E}.Debug|Any CPU.Build.0 = Debug|Any CPU
		{8C0712C0-9E43-46B5-820A-7EDC926E7C3E}.Release|Any CPU.ActiveCfg = Release|Any CPU
		{8C0712C0-9E43-46B5-820A-7EDC926E7C3E}.Release|Any CPU.Build.0 = Release|Any CPU
	EndGlobalSection
	GlobalSection(SolutionProperties) = preSolution
		HideSolutionNode = FALSE
	EndGlobalSection
	GlobalSection(ExtensibilityGlobals) = postSolution
		SolutionGuid = {A972241E-3598-42AF-A684-249A17DB4CFF}
	EndGlobalSection
EndGlobal
